
Microsoft Visual Studio Solution File, Format Version 12.00
# Visual Studio Express 15 for Windows Desktop
VisualStudioVersion = 15.0.28307.438
MinimumVisualStudioVersion = 10.0.40219.1
Project("{FAE04EC0-301F-11D3-BF4B-00C04F79EFBC}") = "Tasks", "Tasks\Tasks.csproj", "{ADE6BA37-81B3-4491-8CE5-756520B11653}"
EndProject
Project("{FAE04EC0-301F-11D3-BF4B-00C04F79EFBC}") = "DynamicProgramming", "DynamicProgramming\DynamicProgramming.csproj", "{2C841C87-DE11-4A9A-AA50-7E625F295AA6}"
EndProject
Global
	GlobalSection(SolutionConfigurationPlatforms) = preSolution
		Debug|Any CPU = Debug|Any CPU
		Release|Any CPU = Release|Any CPU
	EndGlobalSection
	GlobalSection(ProjectConfigurationPlatforms) = postSolution
		{ADE6BA37-81B3-4491-8CE5-756520B11653}.Debug|Any CPU.ActiveCfg = Debug|Any CPU
		{ADE6BA37-81B3-4491-8CE5-756520B11653}.Debug|Any CPU.Build.0 = Debug|Any CPU
		{ADE6BA37-81B3-4491-8CE5-756520B11653}.Release|Any CPU.ActiveCfg = Release|Any CPU
		{ADE6BA37-81B3-4491-8CE5-756520B11653}.Release|Any CPU.Build.0 = Release|Any CPU
		{2C841C87-DE11-4A9A-AA50-7E625F295AA6}.Debug|Any CPU.ActiveCfg = Debug|Any CPU
		{2C841C87-DE11-4A9A-AA50-7E625F295AA6}.Debug|Any CPU.Build.0 = Debug|Any CPU
		{2C841C87-DE11-4A9A-AA50-7E625F295AA6}.Release|Any CPU.ActiveCfg = Release|Any CPU
		{2C841C87-DE11-4A9A-AA50-7E625F295AA6}.Release|Any CPU.Build.0 = Release|Any CPU
	EndGlobalSection
	GlobalSection(SolutionProperties) = preSolution
		HideSolutionNode = FALSE
	EndGlobalSection
	GlobalSection(ExtensibilityGlobals) = postSolution
		SolutionGuid = {3A163278-8CE9-4379-B4D1-CA88613FCE6F}
	EndGlobalSection
EndGlobal
